
Microsoft Visual Studio Solution File, Format Version 12.00
# Visual Studio Version 17
VisualStudioVersion = 17.10.35013.160
MinimumVisualStudioVersion = 10.0.40219.1
Project("{9A19103F-16F7-4668-BE54-9A1E7A4F7556}") = "QuickConvert", "QuickConvert\QuickConvert.csproj", "{E9E5E38F-9747-4C34-962D-6E80CC2AB53F}"
EndProject
Project("{FAE04EC0-301F-11D3-BF4B-00C04F79EFBC}") = "QuickConvert.API", "QuickConvert.API\QuickConvert.API.csproj", "{08B42BB5-3EAB-4294-8997-3E903FE7A510}"
EndProject
Global
	GlobalSection(SolutionConfigurationPlatforms) = preSolution
		Debug|Any CPU = Debug|Any CPU
		Release|Any CPU = Release|Any CPU
	EndGlobalSection
	GlobalSection(ProjectConfigurationPlatforms) = postSolution
		{E9E5E38F-9747-4C34-962D-6E80CC2AB53F}.Debug|Any CPU.ActiveCfg = Debug|Any CPU
		{E9E5E38F-9747-4C34-962D-6E80CC2AB53F}.Debug|Any CPU.Build.0 = Debug|Any CPU
		{E9E5E38F-9747-4C34-962D-6E80CC2AB53F}.Debug|Any CPU.Deploy.0 = Debug|Any CPU
		{E9E5E38F-9747-4C34-962D-6E80CC2AB53F}.Release|Any CPU.ActiveCfg = Release|Any CPU
		{E9E5E38F-9747-4C34-962D-6E80CC2AB53F}.Release|Any CPU.Build.0 = Release|Any CPU
		{E9E5E38F-9747-4C34-962D-6E80CC2AB53F}.Release|Any CPU.Deploy.0 = Release|Any CPU
		{08B42BB5-3EAB-4294-8997-3E903FE7A510}.Debug|Any CPU.ActiveCfg = Debug|Any CPU
		{08B42BB5-3EAB-4294-8997-3E903FE7A510}.Debug|Any CPU.Build.0 = Debug|Any CPU
		{08B42BB5-3EAB-4294-8997-3E903FE7A510}.Release|Any CPU.ActiveCfg = Release|Any CPU
		{08B42BB5-3EAB-4294-8997-3E903FE7A510}.Release|Any CPU.Build.0 = Release|Any CPU
	EndGlobalSection
	GlobalSection(SolutionProperties) = preSolution
		HideSolutionNode = FALSE
	EndGlobalSection
	GlobalSection(ExtensibilityGlobals) = postSolution
		SolutionGuid = {F54A9767-FDC4-46E4-A8A0-30C893AB70E3}
	EndGlobalSection
EndGlobal
